
Microsoft Visual Studio Solution File, Format Version 12.00
# Visual Studio Version 17
VisualStudioVersion = 17.0.31903.59
MinimumVisualStudioVersion = 10.0.40219.1
Project("{2150E333-8FDC-42A3-9474-1A3956D46DE8}") = "src", "src", "{8C3A0451-E0D9-4887-8117-F091B49B71AE}"
EndProject
Project("{FAE04EC0-301F-11D3-BF4B-00C04F79EFBC}") = "KuanLang", "src\KuanLang\KuanLang.csproj", "{F1E51EB3-70FC-4CDF-826C-ED33C74A1854}"
EndProject
Global
	GlobalSection(SolutionConfigurationPlatforms) = preSolution
		Debug|Any CPU = Debug|Any CPU
		Release|Any CPU = Release|Any CPU
	EndGlobalSection
	GlobalSection(SolutionProperties) = preSolution
		HideSolutionNode = FALSE
	EndGlobalSection
	GlobalSection(ProjectConfigurationPlatforms) = postSolution
		{F1E51EB3-70FC-4CDF-826C-ED33C74A1854}.Debug|Any CPU.ActiveCfg = Debug|Any CPU
		{F1E51EB3-70FC-4CDF-826C-ED33C74A1854}.Debug|Any CPU.Build.0 = Debug|Any CPU
		{F1E51EB3-70FC-4CDF-826C-ED33C74A1854}.Release|Any CPU.ActiveCfg = Release|Any CPU
		{F1E51EB3-70FC-4CDF-826C-ED33C74A1854}.Release|Any CPU.Build.0 = Release|Any CPU
	EndGlobalSection
	GlobalSection(NestedProjects) = preSolution
		{F1E51EB3-70FC-4CDF-826C-ED33C74A1854} = {8C3A0451-E0D9-4887-8117-F091B49B71AE}
	EndGlobalSection
EndGlobal
